# THIS IS AN AUTOGENERATED FILE. DO NOT EDIT THIS FILE DIRECTLY.
assets/email-catcher.js:
  development: 2017-09-16T23:12:24-07:00   96c2bcda426e26544e8835de7e4ee65f
assets/style.css.liquid:
  development: 2017-09-16T22:14:13-07:00   a5bc05cc93084f0063160f995be10d4c
layout/theme.liquid:
  development: 2017-09-16T22:13:02-07:00   ffa0c7d4ac8844b45f7ca9865346cf46
snippets/index_h10.liquid:
  development: 2017-09-16T22:13:58-07:00   7edc3b5a4d412a7e5887d3bef9f99de3
snippets/shop-sale.liquid:
  development: 2017-09-16T22:13:49-07:00   12f577e193951f57565e63c42f587d6d
